
Microsoft Visual Studio Solution File, Format Version 12.00
# Visual Studio 15
VisualStudioVersion = 15.0.28010.2016
MinimumVisualStudioVersion = 10.0.40219.1
Project("{FAE04EC0-301F-11D3-BF4B-00C04F79EFBC}") = "WebPCConfigTool", "WebPCConfigTool\WebPCConfigTool.csproj", "{9734D27D-B629-4997-8C37-1D23D1DD3C6C}"
EndProject
Global
	GlobalSection(SolutionConfigurationPlatforms) = preSolution
		Debug|Any CPU = Debug|Any CPU
		Release|Any CPU = Release|Any CPU
	EndGlobalSection
	GlobalSection(ProjectConfigurationPlatforms) = postSolution
		{9734D27D-B629-4997-8C37-1D23D1DD3C6C}.Debug|Any CPU.ActiveCfg = Debug|Any CPU
		{9734D27D-B629-4997-8C37-1D23D1DD3C6C}.Debug|Any CPU.Build.0 = Debug|Any CPU
		{9734D27D-B629-4997-8C37-1D23D1DD3C6C}.Release|Any CPU.ActiveCfg = Release|Any CPU
		{9734D27D-B629-4997-8C37-1D23D1DD3C6C}.Release|Any CPU.Build.0 = Release|Any CPU
	EndGlobalSection
	GlobalSection(SolutionProperties) = preSolution
		HideSolutionNode = FALSE
	EndGlobalSection
	GlobalSection(ExtensibilityGlobals) = postSolution
		SolutionGuid = {CD09F174-8904-41EF-94CB-DAE13BC9F01E}
	EndGlobalSection
EndGlobal
